
Microsoft Visual Studio Solution File, Format Version 12.00
# Visual Studio Version 16
VisualStudioVersion = 16.0.30621.155
MinimumVisualStudioVersion = 10.0.40219.1
Project("{9A19103F-16F7-4668-BE54-9A1E7A4F7556}") = "EtlCli", "EtlCli\EtlCli.csproj", "{65727487-8CA0-40C1-B5D5-AF56BBE3A2CE}"
EndProject
Project("{E53339B2-1760-4266-BCC7-CA923CBCF16C}") = "docker-compose", "docker-compose.dcproj", "{5E4D91A6-ACF8-4F9D-9EC7-3C10851DABF4}"
EndProject
Global
	GlobalSection(SolutionConfigurationPlatforms) = preSolution
		Debug|Any CPU = Debug|Any CPU
		Release|Any CPU = Release|Any CPU
	EndGlobalSection
	GlobalSection(ProjectConfigurationPlatforms) = postSolution
		{65727487-8CA0-40C1-B5D5-AF56BBE3A2CE}.Debug|Any CPU.ActiveCfg = Debug|Any CPU
		{65727487-8CA0-40C1-B5D5-AF56BBE3A2CE}.Debug|Any CPU.Build.0 = Debug|Any CPU
		{65727487-8CA0-40C1-B5D5-AF56BBE3A2CE}.Release|Any CPU.ActiveCfg = Release|Any CPU
		{65727487-8CA0-40C1-B5D5-AF56BBE3A2CE}.Release|Any CPU.Build.0 = Release|Any CPU
		{5E4D91A6-ACF8-4F9D-9EC7-3C10851DABF4}.Debug|Any CPU.ActiveCfg = Debug|Any CPU
		{5E4D91A6-ACF8-4F9D-9EC7-3C10851DABF4}.Debug|Any CPU.Build.0 = Debug|Any CPU
		{5E4D91A6-ACF8-4F9D-9EC7-3C10851DABF4}.Release|Any CPU.ActiveCfg = Release|Any CPU
		{5E4D91A6-ACF8-4F9D-9EC7-3C10851DABF4}.Release|Any CPU.Build.0 = Release|Any CPU
	EndGlobalSection
	GlobalSection(SolutionProperties) = preSolution
		HideSolutionNode = FALSE
	EndGlobalSection
	GlobalSection(ExtensibilityGlobals) = postSolution
		SolutionGuid = {5EECA9CE-AAD0-4BA2-86ED-20AEF16D1B8F}
	EndGlobalSection
EndGlobal
